
Microsoft Visual Studio Solution File, Format Version 12.00
# Visual Studio Version 16
VisualStudioVersion = 16.0.31729.503
MinimumVisualStudioVersion = 10.0.40219.1
Project("{FAE04EC0-301F-11D3-BF4B-00C04F79EFBC}") = "9_I_1", "9_I_1\9_I_1.csproj", "{84F03E61-6186-4826-AAA5-EC522A307B23}"
EndProject
Global
	GlobalSection(SolutionConfigurationPlatforms) = preSolution
		Debug|Any CPU = Debug|Any CPU
		Release|Any CPU = Release|Any CPU
	EndGlobalSection
	GlobalSection(ProjectConfigurationPlatforms) = postSolution
		{84F03E61-6186-4826-AAA5-EC522A307B23}.Debug|Any CPU.ActiveCfg = Debug|Any CPU
		{84F03E61-6186-4826-AAA5-EC522A307B23}.Debug|Any CPU.Build.0 = Debug|Any CPU
		{84F03E61-6186-4826-AAA5-EC522A307B23}.Release|Any CPU.ActiveCfg = Release|Any CPU
		{84F03E61-6186-4826-AAA5-EC522A307B23}.Release|Any CPU.Build.0 = Release|Any CPU
	EndGlobalSection
	GlobalSection(SolutionProperties) = preSolution
		HideSolutionNode = FALSE
	EndGlobalSection
	GlobalSection(ExtensibilityGlobals) = postSolution
		SolutionGuid = {D4FD3343-A30A-4B40-865A-D946A236F194}
	EndGlobalSection
EndGlobal
